<?xml version="1.0" encoding="utf-8"?>
<Project ToolsVersion="4.0" xmlns="http://schemas.microsoft.com/developer/msbuild/2003">
  <ItemGroup>
    <Filter Include="Source Files">
      <UniqueIdentifier>{99edc0c8-2c56-4665-a5ca-2736953de6b0}</UniqueIdentifier>
      <Extensions>*.*</Extensions>
    </Filter>
    <Filter Include="Header Files">
      <UniqueIdentifier>{41e0a160-d92f-4a16-8435-d136cecffeae}</UniqueIdentifier>
    </Filter>
    <Filter Include="Resource Files">
      <UniqueIdentifier>{049b8025-b2be-464f-a13a-2712cf7b717c}</UniqueIdentifier>
    </Filter>
    <Filter Include="Generated Files">
      <UniqueIdentifier>{ca655b6e-fcd4-45f9-b1d6-79661814187a}</UniqueIdentifier>
    </Filter>
  </ItemGroup>
  <ItemGroup>
    <ClInclude Include="SwAddin1_i.h">
      <Filter>Generated Files</Filter>
    </ClInclude>
    <ClInclude Include="BitmapHandler.h">
      <Filter>Header Files</Filter>
    </ClInclude>
    <ClInclude Include="DocView.h">
      <Filter>Header Files</Filter>
    </ClInclude>
    <ClInclude Include="CSwAddin1Dialog.h">
      <Filter>Header Files</Filter>
    </ClInclude>
    <ClInclude Include="stdafx.h">
      <Filter>Header Files</Filter>
    </ClInclude>
    <ClInclude Include="resource.h">
      <Filter>Header Files</Filter>
    </ClInclude>
    <ClInclude Include="SwAddin1.h">
      <Filter>Header Files</Filter>
    </ClInclude>
    <ClInclude Include="SwDocument.h">
      <Filter>Header Files</Filter>
    </ClInclude>
    <ClInclude Include="PMPageHandler.h">
      <Filter>Header Files</Filter>
    </ClInclude>
    <ClInclude Include="UserPropertyManagerPage.h">
      <Filter>Header Files</Filter>
    </ClInclude>
  </ItemGroup>
  <ItemGroup>
    <ClCompile Include="SwAddin1_i.c">
      <Filter>Generated Files</Filter>
    </ClCompile>
    <ClCompile Include="SwAddin1_module.cpp">
      <Filter>Source Files</Filter>
    </ClCompile>
    <ClCompile Include="BitmapHandler.cpp">
      <Filter>Source Files</Filter>
    </ClCompile>
    <ClCompile Include="DocView.cpp">
      <Filter>Source Files</Filter>
    </ClCompile>
    <ClCompile Include="CSwAddin1Dialog.cpp">
      <Filter>Source Files</Filter>
    </ClCompile>
    <ClCompile Include="stdafx.cpp">
      <Filter>Source Files</Filter>
    </ClCompile>
    <ClCompile Include="SwAddin1.cpp">
      <Filter>Source Files</Filter>
    </ClCompile>
    <ClCompile Include="SwDocument.cpp">
      <Filter>Source Files</Filter>
    </ClCompile>
    <ClCompile Include="PMPageHandler.cpp">
      <Filter>Source Files</Filter>
    </ClCompile>
    <ClCompile Include="UserPropertyManagerPage.cpp">
      <Filter>Source Files</Filter>
    </ClCompile>
  </ItemGroup>
  <ItemGroup>
    <None Include="SwAddin1.def">
      <Filter>Source Files</Filter>
    </None>
    <None Include="BitmapHandler.rgs">
      <Filter>Resource Files</Filter>
    </None>
    <None Include="DocView.rgs">
      <Filter>Resource Files</Filter>
    </None>
    <None Include="MainIconLarge.bmp">
      <Filter>Resource Files</Filter>
    </None>
    <None Include="MainIconSmall.bmp">
      <Filter>Resource Files</Filter>
    </None>
    <None Include="SwAddin1.rgs">
      <Filter>Resource Files</Filter>
    </None>
    <None Include="SwDocument.rgs">
      <Filter>Resource Files</Filter>
    </None>
    <None Include="toolbar_large.bmp">
      <Filter>Resource Files</Filter>
    </None>
    <None Include="toolbar_small.bmp">
      <Filter>Resource Files</Filter>
    </None>
    <None Include="PMPageHandler.rgs">
      <Filter>Resource Files</Filter>
    </None>
    <None Include="UserPropertyManagerPage.rgs">
      <Filter>Resource Files</Filter>
    </None>
  </ItemGroup>
  <ItemGroup>
    <Midl Include="SwAddin1.idl">
      <Filter>Source Files</Filter>
    </Midl>
  </ItemGroup>
  <ItemGroup>
    <ResourceCompile Include="SwAddin1.rc">
      <Filter>Resource Files</Filter>
    </ResourceCompile>
  </ItemGroup>
</Project>